
Microsoft Visual Studio Solution File, Format Version 12.00
# Visual Studio Version 17
VisualStudioVersion = 17.4.33213.308
MinimumVisualStudioVersion = 10.0.40219.1
Project("{FAE04EC0-301F-11D3-BF4B-00C04F79EFBC}") = "Week8EpicGame", "Week8EpicGame\Week8EpicGame.csproj", "{FBDF3868-74EE-4AE8-B57D-A770E0FAC10F}"
EndProject
Global
	GlobalSection(SolutionConfigurationPlatforms) = preSolution
		Debug|Any CPU = Debug|Any CPU
		Release|Any CPU = Release|Any CPU
	EndGlobalSection
	GlobalSection(ProjectConfigurationPlatforms) = postSolution
		{FBDF3868-74EE-4AE8-B57D-A770E0FAC10F}.Debug|Any CPU.ActiveCfg = Debug|Any CPU
		{FBDF3868-74EE-4AE8-B57D-A770E0FAC10F}.Debug|Any CPU.Build.0 = Debug|Any CPU
		{FBDF3868-74EE-4AE8-B57D-A770E0FAC10F}.Release|Any CPU.ActiveCfg = Release|Any CPU
		{FBDF3868-74EE-4AE8-B57D-A770E0FAC10F}.Release|Any CPU.Build.0 = Release|Any CPU
	EndGlobalSection
	GlobalSection(SolutionProperties) = preSolution
		HideSolutionNode = FALSE
	EndGlobalSection
	GlobalSection(ExtensibilityGlobals) = postSolution
		SolutionGuid = {A02D6BB3-3179-4B36-8C9A-F32FEE88374C}
	EndGlobalSection
EndGlobal
